<Solution>
  <Folder Name="/Application/">
    <Project Path="Application/Alma.DiscordBot.Api.Application/Alma.DiscordBot.Api.Application.csproj" Id="e6a47b29-85ab-4132-96a5-494a09ca8670" />
  </Folder>
  <Folder Name="/Core/">
    <Project Path="Core/Alma.DiscordBot.Api.Core.Abstractions/Alma.DiscordBot.Api.Core.Abstractions.csproj" Id="f01ed34a-8981-4a00-b7ac-7e16639b95f1" />
    <Project Path="Core/Alma.DiscordBot.Api.Core.Domain/Alma.DiscordBot.Api.Core.Domain.csproj" Id="600ca84e-713e-4511-a988-5411e39bc27f" />
    <Project Path="Core/Alma.DiscordBot.Api.Core/Alma.DiscordBot.Api.Core.csproj" Id="d0c1fb8b-0cf1-490b-a672-3fdaabdb97a3" />
  </Folder>
  <Folder Name="/Infrastructure/">
    <Project Path="Infrastructure/Alma.DiscordBot.Api.Infrastructure/Alma.DiscordBot.Api.Infrastructure.csproj" Id="7ee1d7e1-f056-47ea-a4ac-1c71710b9692" />
  </Folder>
  <Folder Name="/Presentation/" />
  <Folder Name="/Solution Items/">
    <File Path=".editorconfig" />
  </Folder>
  <Folder Name="/Tests/">
    <Project Path="Tests/Alma.DiscordBot.Api.Application.Tests/Alma.DiscordBot.Api.Application.Tests.csproj" Id="402e63ce-d588-4ad9-9559-ab4b660bc918" />
    <Project Path="Tests/Alma.DiscordBot.Api.Core.Abstractions.Tests/Alma.DiscordBot.Api.Core.Abstractions.Tests.csproj" Id="e03d2f42-e6f2-493b-a90e-01fdeb437eba" />
    <Project Path="Tests/Alma.DiscordBot.Api.Core.Domain.Tests/Alma.DiscordBot.Api.Core.Domain.Tests.csproj" Id="dcd7fde9-06d2-41fd-ae8f-c08615519778" />
    <Project Path="Tests/Alma.DiscordBot.Api.Infrastructure.Tests/Alma.DiscordBot.Api.Infrastructure.Tests.csproj" Id="8bc45bcd-646a-41fc-bd42-a3fcf782afcd" />
  </Folder>
</Solution>
